
Microsoft Visual Studio Solution File, Format Version 12.00
# Visual Studio 15
VisualStudioVersion = 15.0.27428.2043
MinimumVisualStudioVersion = 10.0.40219.1
Project("{FAE04EC0-301F-11D3-BF4B-00C04F79EFBC}") = "PlayOnConnect.Android", "PlayOnConnect\PlayOnConnect.Android\PlayOnConnect.Android.csproj", "{EDF7B5EF-1D49-45F7-9908-97922121EF63}"
EndProject
Project("{D954291E-2A0B-460D-934E-DC6B0785DB48}") = "PlayOnConnect", "PlayOnConnect\PlayOnConnect\PlayOnConnect.shproj", "{4963F8B9-6C2C-4907-9EB6-570696C75B84}"
EndProject
Global
	GlobalSection(SharedMSBuildProjectFiles) = preSolution
		PlayOnConnect\PlayOnConnect\PlayOnConnect.projitems*{4963f8b9-6c2c-4907-9eb6-570696c75b84}*SharedItemsImports = 13
		PlayOnConnect\PlayOnConnect\PlayOnConnect.projitems*{edf7b5ef-1d49-45f7-9908-97922121ef63}*SharedItemsImports = 4
	EndGlobalSection
	GlobalSection(SolutionConfigurationPlatforms) = preSolution
		Debug|Any CPU = Debug|Any CPU
		Release|Any CPU = Release|Any CPU
	EndGlobalSection
	GlobalSection(ProjectConfigurationPlatforms) = postSolution
		{EDF7B5EF-1D49-45F7-9908-97922121EF63}.Debug|Any CPU.ActiveCfg = Debug|Any CPU
		{EDF7B5EF-1D49-45F7-9908-97922121EF63}.Debug|Any CPU.Build.0 = Debug|Any CPU
		{EDF7B5EF-1D49-45F7-9908-97922121EF63}.Debug|Any CPU.Deploy.0 = Debug|Any CPU
		{EDF7B5EF-1D49-45F7-9908-97922121EF63}.Release|Any CPU.ActiveCfg = Release|Any CPU
		{EDF7B5EF-1D49-45F7-9908-97922121EF63}.Release|Any CPU.Build.0 = Release|Any CPU
		{EDF7B5EF-1D49-45F7-9908-97922121EF63}.Release|Any CPU.Deploy.0 = Release|Any CPU
	EndGlobalSection
	GlobalSection(SolutionProperties) = preSolution
		HideSolutionNode = FALSE
	EndGlobalSection
	GlobalSection(ExtensibilityGlobals) = postSolution
		SolutionGuid = {68CECE0B-0478-45A4-82B9-4A9BB551DB56}
	EndGlobalSection
EndGlobal
